
Microsoft Visual Studio Solution File, Format Version 12.00
# Visual Studio Version 17
VisualStudioVersion = 17.4.33122.133
MinimumVisualStudioVersion = 10.0.40219.1
Project("{9A19103F-16F7-4668-BE54-9A1E7A4F7556}") = "PROJETO INTERCISCIPLINAR", "PROJETO INTERCISCIPLINAR.csproj", "{6752B3E2-2271-4EC7-952E-3B5BED37FA71}"
EndProject
Global
	GlobalSection(SolutionConfigurationPlatforms) = preSolution
		Debug|Any CPU = Debug|Any CPU
		Release|Any CPU = Release|Any CPU
	EndGlobalSection
	GlobalSection(ProjectConfigurationPlatforms) = postSolution
		{6752B3E2-2271-4EC7-952E-3B5BED37FA71}.Debug|Any CPU.ActiveCfg = Debug|Any CPU
		{6752B3E2-2271-4EC7-952E-3B5BED37FA71}.Debug|Any CPU.Build.0 = Debug|Any CPU
		{6752B3E2-2271-4EC7-952E-3B5BED37FA71}.Release|Any CPU.ActiveCfg = Release|Any CPU
		{6752B3E2-2271-4EC7-952E-3B5BED37FA71}.Release|Any CPU.Build.0 = Release|Any CPU
	EndGlobalSection
	GlobalSection(SolutionProperties) = preSolution
		HideSolutionNode = FALSE
	EndGlobalSection
	GlobalSection(ExtensibilityGlobals) = postSolution
		SolutionGuid = {052D8AF2-FC4A-4C30-8FE1-EEDB93411FBF}
	EndGlobalSection
EndGlobal
